
Microsoft Visual Studio Solution File, Format Version 12.00
# Visual Studio Version 16
VisualStudioVersion = 16.0.31205.134
MinimumVisualStudioVersion = 10.0.40219.1
Project("{8BC9CEB8-8B4A-11D0-8D11-00A0C91BC942}") = "Titansouls", "Titansouls\Titansouls.vcxproj", "{EE242D74-9342-4E3D-B3C6-1C481967B911}"
EndProject
Project("{8BC9CEB8-8B4A-11D0-8D11-00A0C91BC942}") = "Editor", "Editor\Editor.vcxproj", "{102E4CF0-A9D6-4A75-BFE2-119F488C881A}"
EndProject
Project("{2150E333-8FDC-42A3-9474-1A3956D46DE8}") = "Headers", "Headers", "{4AC38FF9-5596-46E4-A9CD-F5EE04445414}"
	ProjectSection(SolutionItems) = preProject
		Headers\Include.h = Headers\Include.h
	EndProjectSection
EndProject
Project("{2150E333-8FDC-42A3-9474-1A3956D46DE8}") = "Include", "Include", "{E699D0AE-1DBE-40FB-B08C-45E2890431D6}"
	ProjectSection(SolutionItems) = preProject
		Headers\AbstractFactory.h = Headers\AbstractFactory.h
		Headers\Define.h = Headers\Define.h
		Headers\Enum.h = Headers\Enum.h
		Headers\Extern.h = Headers\Extern.h
		Headers\Function.h = Headers\Function.h
		Headers\Functor.h = Headers\Functor.h
		Headers\Struct.h = Headers\Struct.h
	EndProjectSection
EndProject
Global
	GlobalSection(SolutionConfigurationPlatforms) = preSolution
		Debug|x64 = Debug|x64
		Debug|x86 = Debug|x86
		Release|x64 = Release|x64
		Release|x86 = Release|x86
	EndGlobalSection
	GlobalSection(ProjectConfigurationPlatforms) = postSolution
		{EE242D74-9342-4E3D-B3C6-1C481967B911}.Debug|x64.ActiveCfg = Debug|x64
		{EE242D74-9342-4E3D-B3C6-1C481967B911}.Debug|x64.Build.0 = Debug|x64
		{EE242D74-9342-4E3D-B3C6-1C481967B911}.Debug|x86.ActiveCfg = Debug|Win32
		{EE242D74-9342-4E3D-B3C6-1C481967B911}.Debug|x86.Build.0 = Debug|Win32
		{EE242D74-9342-4E3D-B3C6-1C481967B911}.Release|x64.ActiveCfg = Release|x64
		{EE242D74-9342-4E3D-B3C6-1C481967B911}.Release|x64.Build.0 = Release|x64
		{EE242D74-9342-4E3D-B3C6-1C481967B911}.Release|x86.ActiveCfg = Release|Win32
		{EE242D74-9342-4E3D-B3C6-1C481967B911}.Release|x86.Build.0 = Release|Win32
		{102E4CF0-A9D6-4A75-BFE2-119F488C881A}.Debug|x64.ActiveCfg = Debug|x64
		{102E4CF0-A9D6-4A75-BFE2-119F488C881A}.Debug|x64.Build.0 = Debug|x64
		{102E4CF0-A9D6-4A75-BFE2-119F488C881A}.Debug|x86.ActiveCfg = Debug|Win32
		{102E4CF0-A9D6-4A75-BFE2-119F488C881A}.Debug|x86.Build.0 = Debug|Win32
		{102E4CF0-A9D6-4A75-BFE2-119F488C881A}.Release|x64.ActiveCfg = Release|x64
		{102E4CF0-A9D6-4A75-BFE2-119F488C881A}.Release|x64.Build.0 = Release|x64
		{102E4CF0-A9D6-4A75-BFE2-119F488C881A}.Release|x86.ActiveCfg = Release|Win32
		{102E4CF0-A9D6-4A75-BFE2-119F488C881A}.Release|x86.Build.0 = Release|Win32
	EndGlobalSection
	GlobalSection(SolutionProperties) = preSolution
		HideSolutionNode = FALSE
	EndGlobalSection
	GlobalSection(NestedProjects) = preSolution
		{E699D0AE-1DBE-40FB-B08C-45E2890431D6} = {4AC38FF9-5596-46E4-A9CD-F5EE04445414}
	EndGlobalSection
	GlobalSection(ExtensibilityGlobals) = postSolution
		SolutionGuid = {1EEE6DD0-AC05-4ADD-86A0-FCFCCD4641D5}
	EndGlobalSection
EndGlobal
