<?xml version="1.0" encoding="utf-8"?>
<Project ToolsVersion="4.0" xmlns="http://schemas.microsoft.com/developer/msbuild/2003">
  <ItemGroup>
    <Filter Include="소스 파일">
      <UniqueIdentifier>{4FC737F1-C7A5-4376-A066-2A32D752A2FF}</UniqueIdentifier>
      <Extensions>cpp;c;cc;cxx;c++;cppm;ixx;def;odl;idl;hpj;bat;asm;asmx</Extensions>
    </Filter>
    <Filter Include="헤더 파일">
      <UniqueIdentifier>{93995380-89BD-4b04-88EB-625FBE52EBFB}</UniqueIdentifier>
      <Extensions>h;hh;hpp;hxx;h++;hm;inl;inc;ipp;xsd</Extensions>
    </Filter>
    <Filter Include="리소스 파일">
      <UniqueIdentifier>{67DA6AB6-F800-4c08-8B7A-83BB121AAD01}</UniqueIdentifier>
      <Extensions>rc;ico;cur;bmp;dlg;rc2;rct;bin;rgs;gif;jpg;jpeg;jpe;resx;tiff;tif;png;wav;mfcribbon-ms</Extensions>
    </Filter>
    <Filter Include="헤더 파일\99.Default">
      <UniqueIdentifier>{0307acd0-28c5-4999-acd5-2462f1f62ea9}</UniqueIdentifier>
    </Filter>
    <Filter Include="소스 파일\00.MainGame">
      <UniqueIdentifier>{dc35f2a7-2cf9-4306-b4f3-71c8187a15a1}</UniqueIdentifier>
    </Filter>
    <Filter Include="소스 파일\98.Manager">
      <UniqueIdentifier>{c82fb725-ac06-4a18-8f41-9d1a4a47afd5}</UniqueIdentifier>
    </Filter>
    <Filter Include="소스 파일\01.Obj">
      <UniqueIdentifier>{55bcf7e6-b180-467d-bd58-1abbd3a317ac}</UniqueIdentifier>
    </Filter>
    <Filter Include="소스 파일\01.Obj\00.Pawn">
      <UniqueIdentifier>{dd7cd5d7-c952-4e72-b8c5-3d67788ff2d5}</UniqueIdentifier>
    </Filter>
    <Filter Include="소스 파일\02.Implement">
      <UniqueIdentifier>{0fe51d92-1c73-41c5-b46f-ba2091cd4c52}</UniqueIdentifier>
    </Filter>
    <Filter Include="소스 파일\02.Implement\01.IAnimation">
      <UniqueIdentifier>{3ef07466-450a-4ec8-9015-f3903788b966}</UniqueIdentifier>
    </Filter>
    <Filter Include="소스 파일\03.MyBitMap">
      <UniqueIdentifier>{039b44ea-176a-4283-b1b6-9fdd87ee6883}</UniqueIdentifier>
    </Filter>
    <Filter Include="소스 파일\01.Obj\00.Pawn\00.Player">
      <UniqueIdentifier>{5bffc0f3-731c-422e-9aab-5f3cc0465086}</UniqueIdentifier>
    </Filter>
    <Filter Include="소스 파일\04.Scene">
      <UniqueIdentifier>{34fa1b52-7b49-4881-8ed8-35ca3b45c323}</UniqueIdentifier>
    </Filter>
    <Filter Include="소스 파일\98.Manager\ObjMgr">
      <UniqueIdentifier>{29dedd41-0b46-40b1-adbc-6ddccdf23ad0}</UniqueIdentifier>
    </Filter>
    <Filter Include="소스 파일\98.Manager\CollisionMgr">
      <UniqueIdentifier>{2afa791c-4886-42f7-ba9e-900aa7add48f}</UniqueIdentifier>
    </Filter>
    <Filter Include="소스 파일\98.Manager\KeyMgr">
      <UniqueIdentifier>{a90820c1-27b5-4064-a81e-958cf7314ebf}</UniqueIdentifier>
    </Filter>
    <Filter Include="소스 파일\98.Manager\ScrollMgr">
      <UniqueIdentifier>{988e66c4-d512-422f-9129-e4d2032fa05b}</UniqueIdentifier>
    </Filter>
    <Filter Include="소스 파일\98.Manager\BmpMgr">
      <UniqueIdentifier>{eb652182-bab9-4677-8f62-763e4a5f8d71}</UniqueIdentifier>
    </Filter>
    <Filter Include="소스 파일\98.Manager\SceneMgr">
      <UniqueIdentifier>{0ea04e85-1d32-440f-a2e8-582273bcdf45}</UniqueIdentifier>
    </Filter>
    <Filter Include="소스 파일\04.Scene\Stage">
      <UniqueIdentifier>{e54b0b54-fb28-47c2-b297-4f2569dda298}</UniqueIdentifier>
    </Filter>
    <Filter Include="소스 파일\98.Manager\TileManager">
      <UniqueIdentifier>{87bf703e-70de-41bb-ad91-fc94fcf8440e}</UniqueIdentifier>
    </Filter>
    <Filter Include="소스 파일\01.Obj\00.Pawn\01.Titan">
      <UniqueIdentifier>{44732ddc-b2a8-4584-a38b-47a469218880}</UniqueIdentifier>
    </Filter>
    <Filter Include="소스 파일\01.Obj\00.Pawn\01.Titan\Gol_Lath">
      <UniqueIdentifier>{5b3af0e8-68b4-417f-878c-a46e8647af70}</UniqueIdentifier>
    </Filter>
    <Filter Include="헤더 파일\99.Default\MyMath">
      <UniqueIdentifier>{b5abcc99-1f19-4f5a-b809-d1d0e8eab348}</UniqueIdentifier>
    </Filter>
    <Filter Include="소스 파일\04.Scene\02.BrainFreeze">
      <UniqueIdentifier>{08e2e232-dc77-47cc-aad1-164f46f5b169}</UniqueIdentifier>
    </Filter>
    <Filter Include="소스 파일\04.Scene\03.EyeCube">
      <UniqueIdentifier>{70760d51-2344-429e-a2e0-d031c8673d7a}</UniqueIdentifier>
    </Filter>
    <Filter Include="소스 파일\04.Scene\04.GolSet">
      <UniqueIdentifier>{899e003b-9d13-4a96-8924-77f5eaab3653}</UniqueIdentifier>
    </Filter>
    <Filter Include="소스 파일\04.Scene\01.Sludge">
      <UniqueIdentifier>{4aea7deb-9a8a-4ad4-98f9-f63a532e5208}</UniqueIdentifier>
    </Filter>
    <Filter Include="소스 파일\04.Scene\00.Hallway">
      <UniqueIdentifier>{6f771a0a-6cb6-45e0-9aec-42baa53d3678}</UniqueIdentifier>
    </Filter>
    <Filter Include="소스 파일\98.Manager\UIMgr">
      <UniqueIdentifier>{93f8d625-b6a1-4049-b01b-9b65fded69f0}</UniqueIdentifier>
    </Filter>
    <Filter Include="소스 파일\01.Obj\03.Arrow">
      <UniqueIdentifier>{c4cad63c-b5bd-42e4-b61e-bf94899f0728}</UniqueIdentifier>
    </Filter>
    <Filter Include="소스 파일\01.Obj\02.Tile">
      <UniqueIdentifier>{791f964a-6ce0-44e9-b4c1-759e84b8340e}</UniqueIdentifier>
    </Filter>
  </ItemGroup>
  <ItemGroup>
    <ClInclude Include="framework.h">
      <Filter>헤더 파일\99.Default</Filter>
    </ClInclude>
    <ClInclude Include="Resource.h">
      <Filter>헤더 파일\99.Default</Filter>
    </ClInclude>
    <ClInclude Include="targetver.h">
      <Filter>헤더 파일\99.Default</Filter>
    </ClInclude>
    <ClInclude Include="Titansouls.h">
      <Filter>헤더 파일\99.Default</Filter>
    </ClInclude>
    <ClInclude Include="stdafx.h">
      <Filter>헤더 파일\99.Default</Filter>
    </ClInclude>
    <ClInclude Include="MainGame.h">
      <Filter>소스 파일\00.MainGame</Filter>
    </ClInclude>
    <ClInclude Include="ObjMgr.h">
      <Filter>소스 파일\98.Manager\ObjMgr</Filter>
    </ClInclude>
    <ClInclude Include="Obj.h">
      <Filter>소스 파일\01.Obj</Filter>
    </ClInclude>
    <ClInclude Include="Pawn.h">
      <Filter>소스 파일\01.Obj\00.Pawn</Filter>
    </ClInclude>
    <ClInclude Include="Implement.h">
      <Filter>소스 파일\02.Implement</Filter>
    </ClInclude>
    <ClInclude Include="IAnimation.h">
      <Filter>소스 파일\02.Implement\01.IAnimation</Filter>
    </ClInclude>
    <ClInclude Include="CollisionMgr.h">
      <Filter>소스 파일\98.Manager\CollisionMgr</Filter>
    </ClInclude>
    <ClInclude Include="KeyMgr.h">
      <Filter>소스 파일\98.Manager\KeyMgr</Filter>
    </ClInclude>
    <ClInclude Include="ScrollMgr.h">
      <Filter>소스 파일\98.Manager\ScrollMgr</Filter>
    </ClInclude>
    <ClInclude Include="BmpMgr.h">
      <Filter>소스 파일\98.Manager\BmpMgr</Filter>
    </ClInclude>
    <ClInclude Include="MyBitmap.h">
      <Filter>소스 파일\03.MyBitMap</Filter>
    </ClInclude>
    <ClInclude Include="Player.h">
      <Filter>소스 파일\01.Obj\00.Pawn\00.Player</Filter>
    </ClInclude>
    <ClInclude Include="Scene.h">
      <Filter>소스 파일\04.Scene</Filter>
    </ClInclude>
    <ClInclude Include="SceneMgr.h">
      <Filter>소스 파일\98.Manager\SceneMgr</Filter>
    </ClInclude>
    <ClInclude Include="Stage.h">
      <Filter>소스 파일\04.Scene\Stage</Filter>
    </ClInclude>
    <ClInclude Include="TileMgr.h">
      <Filter>소스 파일\98.Manager\TileManager</Filter>
    </ClInclude>
    <ClInclude Include="Tile.h">
      <Filter>소스 파일\01.Obj\02.Tile</Filter>
    </ClInclude>
    <ClInclude Include="Titan.h">
      <Filter>소스 파일\01.Obj\00.Pawn\01.Titan</Filter>
    </ClInclude>
    <ClInclude Include="CGolLath.h">
      <Filter>소스 파일\01.Obj\00.Pawn\01.Titan\Gol_Lath</Filter>
    </ClInclude>
    <ClInclude Include="MyMath.h">
      <Filter>헤더 파일\99.Default\MyMath</Filter>
    </ClInclude>
    <ClInclude Include="UiMgr.h">
      <Filter>소스 파일\98.Manager\UIMgr</Filter>
    </ClInclude>
    <ClInclude Include="Hallway.h">
      <Filter>소스 파일\04.Scene\00.Hallway</Filter>
    </ClInclude>
    <ClInclude Include="BrainFreezeScene.h">
      <Filter>소스 파일\04.Scene\02.BrainFreeze</Filter>
    </ClInclude>
    <ClInclude Include="EyecubeScene.h">
      <Filter>소스 파일\04.Scene\03.EyeCube</Filter>
    </ClInclude>
    <ClInclude Include="GolSetScene.h">
      <Filter>소스 파일\04.Scene\04.GolSet</Filter>
    </ClInclude>
    <ClInclude Include="SludgeScene.h">
      <Filter>소스 파일\04.Scene\01.Sludge</Filter>
    </ClInclude>
  </ItemGroup>
  <ItemGroup>
    <ClCompile Include="Titansouls.cpp">
      <Filter>소스 파일</Filter>
    </ClCompile>
    <ClCompile Include="stdafx.cpp">
      <Filter>헤더 파일\99.Default</Filter>
    </ClCompile>
    <ClCompile Include="MainGame.cpp">
      <Filter>소스 파일\00.MainGame</Filter>
    </ClCompile>
    <ClCompile Include="ObjMgr.cpp">
      <Filter>소스 파일\98.Manager\ObjMgr</Filter>
    </ClCompile>
    <ClCompile Include="Obj.cpp">
      <Filter>소스 파일\01.Obj</Filter>
    </ClCompile>
    <ClCompile Include="Pawn.cpp">
      <Filter>소스 파일\01.Obj\00.Pawn</Filter>
    </ClCompile>
    <ClCompile Include="Implement.cpp">
      <Filter>소스 파일\02.Implement</Filter>
    </ClCompile>
    <ClCompile Include="IAnimation.cpp">
      <Filter>소스 파일\02.Implement\01.IAnimation</Filter>
    </ClCompile>
    <ClCompile Include="CollisionMgr.cpp">
      <Filter>소스 파일\98.Manager\CollisionMgr</Filter>
    </ClCompile>
    <ClCompile Include="KeyMgr.cpp">
      <Filter>소스 파일\98.Manager\KeyMgr</Filter>
    </ClCompile>
    <ClCompile Include="ScrollMgr.cpp">
      <Filter>소스 파일\98.Manager\ScrollMgr</Filter>
    </ClCompile>
    <ClCompile Include="BmpMgr.cpp">
      <Filter>소스 파일\98.Manager\BmpMgr</Filter>
    </ClCompile>
    <ClCompile Include="MyBitmap.cpp">
      <Filter>소스 파일\03.MyBitMap</Filter>
    </ClCompile>
    <ClCompile Include="Player.cpp">
      <Filter>소스 파일\01.Obj\00.Pawn\00.Player</Filter>
    </ClCompile>
    <ClCompile Include="Scene.cpp">
      <Filter>소스 파일\04.Scene</Filter>
    </ClCompile>
    <ClCompile Include="SceneMgr.cpp">
      <Filter>소스 파일\98.Manager\SceneMgr</Filter>
    </ClCompile>
    <ClCompile Include="Stage.cpp">
      <Filter>소스 파일\04.Scene\Stage</Filter>
    </ClCompile>
    <ClCompile Include="TileMgr.cpp">
      <Filter>소스 파일\98.Manager\TileManager</Filter>
    </ClCompile>
    <ClCompile Include="Tile.cpp">
      <Filter>소스 파일\01.Obj\02.Tile</Filter>
    </ClCompile>
    <ClCompile Include="Titan.cpp">
      <Filter>소스 파일\01.Obj\00.Pawn\01.Titan</Filter>
    </ClCompile>
    <ClCompile Include="CGolLath.cpp">
      <Filter>소스 파일\01.Obj\00.Pawn\01.Titan\Gol_Lath</Filter>
    </ClCompile>
    <ClCompile Include="MyMath.cpp">
      <Filter>헤더 파일\99.Default\MyMath</Filter>
    </ClCompile>
    <ClCompile Include="UiMgr.cpp">
      <Filter>소스 파일\98.Manager\UIMgr</Filter>
    </ClCompile>
    <ClCompile Include="Hallway.cpp">
      <Filter>소스 파일\04.Scene\00.Hallway</Filter>
    </ClCompile>
    <ClCompile Include="BrainFreezeScene.cpp">
      <Filter>소스 파일\04.Scene\02.BrainFreeze</Filter>
    </ClCompile>
    <ClCompile Include="EyecubeScene.cpp">
      <Filter>소스 파일\04.Scene\03.EyeCube</Filter>
    </ClCompile>
    <ClCompile Include="GolSetScene.cpp">
      <Filter>소스 파일\04.Scene\04.GolSet</Filter>
    </ClCompile>
    <ClCompile Include="SludgeScene.cpp">
      <Filter>소스 파일\04.Scene\01.Sludge</Filter>
    </ClCompile>
  </ItemGroup>
  <ItemGroup>
    <ResourceCompile Include="Titansouls.rc">
      <Filter>리소스 파일</Filter>
    </ResourceCompile>
  </ItemGroup>
  <ItemGroup>
    <Image Include="small.ico">
      <Filter>리소스 파일</Filter>
    </Image>
    <Image Include="Titansouls.ico">
      <Filter>리소스 파일</Filter>
    </Image>
  </ItemGroup>
</Project>